// !$*UTF8*$!
{
	archiveVersion = 1;
	classes = {
	};
	objectVersion = 46;
	objects = {

/* Begin PBXBuildFile section */
		B9A6DBB8189DCCC600C6891D /* Foundation.framework in Frameworks */ = {isa = PBXBuildFile; fileRef = B9A6DBB7189DCCC600C6891D /* Foundation.framework */; };
		B9A6DBBA189DCCC600C6891D /* CoreGraphics.framework in Frameworks */ = {isa = PBXBuildFile; fileRef = B9A6DBB9189DCCC600C6891D /* CoreGraphics.framework */; };
		B9A6DBBC189DCCC600C6891D /* UIKit.framework in Frameworks */ = {isa = PBXBuildFile; fileRef = B9A6DBBB189DCCC600C6891D /* UIKit.framework */; };
		B9A6DBC2189DCCC600C6891D /* InfoPlist.strings in Resources */ = {isa = PBXBuildFile; fileRef = B9A6DBC0189DCCC600C6891D /* InfoPlist.strings */; };
		B9A6DBC4189DCCC600C6891D /* main.m in Sources */ = {isa = PBXBuildFile; fileRef = B9A6DBC3189DCCC600C6891D /* main.m */; };
		B9A6DBC8189DCCC600C6891D /* AppDelegate.m in Sources */ = {isa = PBXBuildFile; fileRef = B9A6DBC7189DCCC600C6891D /* AppDelegate.m */; };
		B9A6DBCB189DCCC600C6891D /* Main.storyboard in Resources */ = {isa = PBXBuildFile; fileRef = B9A6DBC9189DCCC600C6891D /* Main.storyboard */; };
		B9A6DBCE189DCCC600C6891D /* FirstViewController.m in Sources */ = {isa = PBXBuildFile; fileRef = B9A6DBCD189DCCC600C6891D /* FirstViewController.m */; };
		B9A6DBD1189DCCC600C6891D /* SecondViewController.m in Sources */ = {isa = PBXBuildFile; fileRef = B9A6DBD0189DCCC600C6891D /* SecondViewController.m */; };
		B9A6DBD3189DCCC600C6891D /* Images.xcassets in Resources */ = {isa = PBXBuildFile; fileRef = B9A6DBD2189DCCC600C6891D /* Images.xcassets */; };
		B9A6DBDA189DCCC700C6891D /* XCTest.framework in Frameworks */ = {isa = PBXBuildFile; fileRef = B9A6DBD9189DCCC700C6891D /* XCTest.framework */; };
		B9A6DBDB189DCCC700C6891D /* Foundation.framework in Frameworks */ = {isa = PBXBuildFile; fileRef = B9A6DBB7189DCCC600C6891D /* Foundation.framework */; };
		B9A6DBDC189DCCC700C6891D /* UIKit.framework in Frameworks */ = {isa = PBXBuildFile; fileRef = B9A6DBBB189DCCC600C6891D /* UIKit.framework */; };
		B9A6DBE4189DCCC700C6891D /* InfoPlist.strings in Resources */ = {isa = PBXBuildFile; fileRef = B9A6DBE2189DCCC700C6891D /* InfoPlist.strings */; };
		B9A6DBE6189DCCC700C6891D /* IMP_NESTARTests.m in Sources */ = {isa = PBXBuildFile; fileRef = B9A6DBE5189DCCC700C6891D /* IMP_NESTARTests.m */; };
/* End PBXBuildFile section */

/* Begin PBXContainerItemProxy section */
		B9A6DBDD189DCCC700C6891D /* PBXContainerItemProxy */ = {
			isa = PBXContainerItemProxy;
			containerPortal = B9A6DBAC189DCCC600C6891D /* Project object */;
			proxyType = 1;
			remoteGlobalIDString = B9A6DBB3189DCCC600C6891D;
			remoteInfo = "IMP-NESTAR";
		};
/* End PBXContainerItemProxy section */

/* Begin PBXFileReference section */
		B9A6DBB4189DCCC600C6891D /* IMP-NESTAR.app */ = {isa = PBXFileReference; explicitFileType = wrapper.application; includeInIndex = 0; path = "IMP-NESTAR.app"; sourceTree = BUILT_PRODUCTS_DIR; };
		B9A6DBB7189DCCC600C6891D /* Foundation.framework */ = {isa = PBXFileReference; lastKnownFileType = wrapper.framework; name = Foundation.framework; path = System/Library/Frameworks/Foundation.framework; sourceTree = SDKROOT; };
		B9A6DBB9189DCCC600C6891D /* CoreGraphics.framework */ = {isa = PBXFileReference; lastKnownFileType = wrapper.framework; name = CoreGraphics.framework; path = System/Library/Frameworks/CoreGraphics.framework; sourceTree = SDKROOT; };
		B9A6DBBB189DCCC600C6891D /* UIKit.framework */ = {isa = PBXFileReference; lastKnownFileType = wrapper.framework; name = UIKit.framework; path = System/Library/Frameworks/UIKit.framework; sourceTree = SDKROOT; };
		B9A6DBBF189DCCC600C6891D /* IMP-NESTAR-Info.plist */ = {isa = PBXFileReference; lastKnownFileType = text.plist.xml; path = "IMP-NESTAR-Info.plist"; sourceTree = "<group>"; };
		B9A6DBC1189DCCC600C6891D /* en */ = {isa = PBXFileReference; lastKnownFileType = text.plist.strings; name = en; path = en.lproj/InfoPlist.strings; sourceTree = "<group>"; };
		B9A6DBC3189DCCC600C6891D /* main.m */ = {isa = PBXFileReference; lastKnownFileType = sourcecode.c.objc; path = main.m; sourceTree = "<group>"; };
		B9A6DBC5189DCCC600C6891D /* IMP-NESTAR-Prefix.pch */ = {isa = PBXFileReference; lastKnownFileType = sourcecode.c.h; path = "IMP-NESTAR-Prefix.pch"; sourceTree = "<group>"; };
		B9A6DBC6189DCCC600C6891D /* AppDelegate.h */ = {isa = PBXFileReference; lastKnownFileType = sourcecode.c.h; path = AppDelegate.h; sourceTree = "<group>"; };
		B9A6DBC7189DCCC600C6891D /* AppDelegate.m */ = {isa = PBXFileReference; lastKnownFileType = sourcecode.c.objc; path = AppDelegate.m; sourceTree = "<group>"; };
		B9A6DBCA189DCCC600C6891D /* Base */ = {isa = PBXFileReference; lastKnownFileType = file.storyboard; name = Base; path = Base.lproj/Main.storyboard; sourceTree = "<group>"; };
		B9A6DBCC189DCCC600C6891D /* FirstViewController.h */ = {isa = PBXFileReference; lastKnownFileType = sourcecode.c.h; path = FirstViewController.h; sourceTree = "<group>"; };
		B9A6DBCD189DCCC600C6891D /* FirstViewController.m */ = {isa = PBXFileReference; lastKnownFileType = sourcecode.c.objc; path = FirstViewController.m; sourceTree = "<group>"; };
		B9A6DBCF189DCCC600C6891D /* SecondViewController.h */ = {isa = PBXFileReference; lastKnownFileType = sourcecode.c.h; path = SecondViewController.h; sourceTree = "<group>"; };
		B9A6DBD0189DCCC600C6891D /* SecondViewController.m */ = {isa = PBXFileReference; lastKnownFileType = sourcecode.c.objc; path = SecondViewController.m; sourceTree = "<group>"; };
		B9A6DBD2189DCCC600C6891D /* Images.xcassets */ = {isa = PBXFileReference; lastKnownFileType = folder.assetcatalog; path = Images.xcassets; sourceTree = "<group>"; };
		B9A6DBD8189DCCC700C6891D /* IMP-NESTARTests.xctest */ = {isa = PBXFileReference; explicitFileType = wrapper.cfbundle; includeInIndex = 0; path = "IMP-NESTARTests.xctest"; sourceTree = BUILT_PRODUCTS_DIR; };
		B9A6DBD9189DCCC700C6891D /* XCTest.framework */ = {isa = PBXFileReference; lastKnownFileType = wrapper.framework; name = XCTest.framework; path = Library/Frameworks/XCTest.framework; sourceTree = DEVELOPER_DIR; };
		B9A6DBE1189DCCC700C6891D /* IMP-NESTARTests-Info.plist */ = {isa = PBXFileReference; lastKnownFileType = text.plist.xml; path = "IMP-NESTARTests-Info.plist"; sourceTree = "<group>"; };
		B9A6DBE3189DCCC700C6891D /* en */ = {isa = PBXFileReference; lastKnownFileType = text.plist.strings; name = en; path = en.lproj/InfoPlist.strings; sourceTree = "<group>"; };
		B9A6DBE5189DCCC700C6891D /* IMP_NESTARTests.m */ = {isa = PBXFileReference; lastKnownFileType = sourcecode.c.objc; path = IMP_NESTARTests.m; sourceTree = "<group>"; };
/* End PBXFileReference section */

/* Begin PBXFrameworksBuildPhase section */
		B9A6DBB1189DCCC600C6891D /* Frameworks */ = {
			isa = PBXFrameworksBuildPhase;
			buildActionMask = 2147483647;
			files = (
				B9A6DBBA189DCCC600C6891D /* CoreGraphics.framework in Frameworks */,
				B9A6DBBC189DCCC600C6891D /* UIKit.framework in Frameworks */,
				B9A6DBB8189DCCC600C6891D /* Foundation.framework in Frameworks */,
			);
			runOnlyForDeploymentPostprocessing = 0;
		};
		B9A6DBD5189DCCC700C6891D /* Frameworks */ = {
			isa = PBXFrameworksBuildPhase;
			buildActionMask = 2147483647;
			files = (
				B9A6DBDA189DCCC700C6891D /* XCTest.framework in Frameworks */,
				B9A6DBDC189DCCC700C6891D /* UIKit.framework in Frameworks */,
				B9A6DBDB189DCCC700C6891D /* Foundation.framework in Frameworks */,
			);
			runOnlyForDeploymentPostprocessing = 0;
		};
/* End PBXFrameworksBuildPhase section */

/* Begin PBXGroup section */
		B9A6DBAB189DCCC600C6891D = {
			isa = PBXGroup;
			children = (
				B9A6DBBD189DCCC600C6891D /* IMP-NESTAR */,
				B9A6DBDF189DCCC700C6891D /* IMP-NESTARTests */,
				B9A6DBB6189DCCC600C6891D /* Frameworks */,
				B9A6DBB5189DCCC600C6891D /* Products */,
			);
			sourceTree = "<group>";
		};
		B9A6DBB5189DCCC600C6891D /* Products */ = {
			isa = PBXGroup;
			children = (
				B9A6DBB4189DCCC600C6891D /* IMP-NESTAR.app */,
				B9A6DBD8189DCCC700C6891D /* IMP-NESTARTests.xctest */,
			);
			name = Products;
			sourceTree = "<group>";
		};
		B9A6DBB6189DCCC600C6891D /* Frameworks */ = {
			isa = PBXGroup;
			children = (
				B9A6DBB7189DCCC600C6891D /* Foundation.framework */,
				B9A6DBB9189DCCC600C6891D /* CoreGraphics.framework */,
				B9A6DBBB189DCCC600C6891D /* UIKit.framework */,
				B9A6DBD9189DCCC700C6891D /* XCTest.framework */,
			);
			name = Frameworks;
			sourceTree = "<group>";
		};
		B9A6DBBD189DCCC600C6891D /* IMP-NESTAR */ = {
			isa = PBXGroup;
			children = (
				B9A6DBC6189DCCC600C6891D /* AppDelegate.h */,
				B9A6DBC7189DCCC600C6891D /* AppDelegate.m */,
				B9A6DBC9189DCCC600C6891D /* Main.storyboard */,
				B9A6DBCC189DCCC600C6891D /* FirstViewController.h */,
				B9A6DBCD189DCCC600C6891D /* FirstViewController.m */,
				B9A6DBCF189DCCC600C6891D /* SecondViewController.h */,
				B9A6DBD0189DCCC600C6891D /* SecondViewController.m */,
				B9A6DBD2189DCCC600C6891D /* Images.xcassets */,
				B9A6DBBE189DCCC600C6891D /* Supporting Files */,
			);
			path = "IMP-NESTAR";
			sourceTree = "<group>";
		};
		B9A6DBBE189DCCC600C6891D /* Supporting Files */ = {
			isa = PBXGroup;
			children = (
				B9A6DBBF189DCCC600C6891D /* IMP-NESTAR-Info.plist */,
				B9A6DBC0189DCCC600C6891D /* InfoPlist.strings */,
				B9A6DBC3189DCCC600C6891D /* main.m */,
				B9A6DBC5189DCCC600C6891D /* IMP-NESTAR-Prefix.pch */,
			);
			name = "Supporting Files";
			sourceTree = "<group>";
		};
		B9A6DBDF189DCCC700C6891D /* IMP-NESTARTests */ = {
			isa = PBXGroup;
			children = (
				B9A6DBE5189DCCC700C6891D /* IMP_NESTARTests.m */,
				B9A6DBE0189DCCC700C6891D /* Supporting Files */,
			);
			path = "IMP-NESTARTests";
			sourceTree = "<group>";
		};
		B9A6DBE0189DCCC700C6891D /* Supporting Files */ = {
			isa = PBXGroup;
			children = (
				B9A6DBE1189DCCC700C6891D /* IMP-NESTARTests-Info.plist */,
				B9A6DBE2189DCCC700C6891D /* InfoPlist.strings */,
			);
			name = "Supporting Files";
			sourceTree = "<group>";
		};
/* End PBXGroup section */

/* Begin PBXNativeTarget section */
		B9A6DBB3189DCCC600C6891D /* IMP-NESTAR */ = {
			isa = PBXNativeTarget;
			buildConfigurationList = B9A6DBE9189DCCC700C6891D /* Build configuration list for PBXNativeTarget "IMP-NESTAR" */;
			buildPhases = (
				B9A6DBB0189DCCC600C6891D /* Sources */,
				B9A6DBB1189DCCC600C6891D /* Frameworks */,
				B9A6DBB2189DCCC600C6891D /* Resources */,
			);
			buildRules = (
			);
			dependencies = (
			);
			name = "IMP-NESTAR";
			productName = "IMP-NESTAR";
			productReference = B9A6DBB4189DCCC600C6891D /* IMP-NESTAR.app */;
			productType = "com.apple.product-type.application";
		};
		B9A6DBD7189DCCC700C6891D /* IMP-NESTARTests */ = {
			isa = PBXNativeTarget;
			buildConfigurationList = B9A6DBEC189DCCC700C6891D /* Build configuration list for PBXNativeTarget "IMP-NESTARTests" */;
			buildPhases = (
				B9A6DBD4189DCCC700C6891D /* Sources */,
				B9A6DBD5189DCCC700C6891D /* Frameworks */,
				B9A6DBD6189DCCC700C6891D /* Resources */,
			);
			buildRules = (
			);
			dependencies = (
				B9A6DBDE189DCCC700C6891D /* PBXTargetDependency */,
			);
			name = "IMP-NESTARTests";
			productName = "IMP-NESTARTests";
			productReference = B9A6DBD8189DCCC700C6891D /* IMP-NESTARTests.xctest */;
			productType = "com.apple.product-type.bundle.unit-test";
		};
/* End PBXNativeTarget section */

/* Begin PBXProject section */
		B9A6DBAC189DCCC600C6891D /* Project object */ = {
			isa = PBXProject;
			attributes = {
				LastUpgradeCheck = 0500;
				ORGANIZATIONNAME = "Julian Vogels";
				TargetAttributes = {
					B9A6DBD7189DCCC700C6891D = {
						TestTargetID = B9A6DBB3189DCCC600C6891D;
					};
				};
			};
			buildConfigurationList = B9A6DBAF189DCCC600C6891D /* Build configuration list for PBXProject "IMP-NESTAR" */;
			compatibilityVersion = "Xcode 3.2";
			developmentRegion = English;
			hasScannedForEncodings = 0;
			knownRegions = (
				en,
				Base,
			);
			mainGroup = B9A6DBAB189DCCC600C6891D;
			productRefGroup = B9A6DBB5189DCCC600C6891D /* Products */;
			projectDirPath = "";
			projectRoot = "";
			targets = (
				B9A6DBB3189DCCC600C6891D /* IMP-NESTAR */,
				B9A6DBD7189DCCC700C6891D /* IMP-NESTARTests */,
			);
		};
/* End PBXProject section */

/* Begin PBXResourcesBuildPhase section */
		B9A6DBB2189DCCC600C6891D /* Resources */ = {
			isa = PBXResourcesBuildPhase;
			buildActionMask = 2147483647;
			files = (
				B9A6DBD3189DCCC600C6891D /* Images.xcassets in Resources */,
				B9A6DBC2189DCCC600C6891D /* InfoPlist.strings in Resources */,
				B9A6DBCB189DCCC600C6891D /* Main.storyboard in Resources */,
			);
			runOnlyForDeploymentPostprocessing = 0;
		};
		B9A6DBD6189DCCC700C6891D /* Resources */ = {
			isa = PBXResourcesBuildPhase;
			buildActionMask = 2147483647;
			files = (
				B9A6DBE4189DCCC700C6891D /* InfoPlist.strings in Resources */,
			);
			runOnlyForDeploymentPostprocessing = 0;
		};
/* End PBXResourcesBuildPhase section */

/* Begin PBXSourcesBuildPhase section */
		B9A6DBB0189DCCC600C6891D /* Sources */ = {
			isa = PBXSourcesBuildPhase;
			buildActionMask = 2147483647;
			files = (
				B9A6DBD1189DCCC600C6891D /* SecondViewController.m in Sources */,
				B9A6DBC8189DCCC600C6891D /* AppDelegate.m in Sources */,
				B9A6DBCE189DCCC600C6891D /* FirstViewController.m in Sources */,
				B9A6DBC4189DCCC600C6891D /* main.m in Sources */,
			);
			runOnlyForDeploymentPostprocessing = 0;
		};
		B9A6DBD4189DCCC700C6891D /* Sources */ = {
			isa = PBXSourcesBuildPhase;
			buildActionMask = 2147483647;
			files = (
				B9A6DBE6189DCCC700C6891D /* IMP_NESTARTests.m in Sources */,
			);
			runOnlyForDeploymentPostprocessing = 0;
		};
/* End PBXSourcesBuildPhase section */

/* Begin PBXTargetDependency section */
		B9A6DBDE189DCCC700C6891D /* PBXTargetDependency */ = {
			isa = PBXTargetDependency;
			target = B9A6DBB3189DCCC600C6891D /* IMP-NESTAR */;
			targetProxy = B9A6DBDD189DCCC700C6891D /* PBXContainerItemProxy */;
		};
/* End PBXTargetDependency section */

/* Begin PBXVariantGroup section */
		B9A6DBC0189DCCC600C6891D /* InfoPlist.strings */ = {
			isa = PBXVariantGroup;
			children = (
				B9A6DBC1189DCCC600C6891D /* en */,
			);
			name = InfoPlist.strings;
			sourceTree = "<group>";
		};
		B9A6DBC9189DCCC600C6891D /* Main.storyboard */ = {
			isa = PBXVariantGroup;
			children = (
				B9A6DBCA189DCCC600C6891D /* Base */,
			);
			name = Main.storyboard;
			sourceTree = "<group>";
		};
		B9A6DBE2189DCCC700C6891D /* InfoPlist.strings */ = {
			isa = PBXVariantGroup;
			children = (
				B9A6DBE3189DCCC700C6891D /* en */,
			);
			name = InfoPlist.strings;
			sourceTree = "<group>";
		};
/* End PBXVariantGroup section */

/* Begin XCBuildConfiguration section */
		B9A6DBE7189DCCC700C6891D /* Debug */ = {
			isa = XCBuildConfiguration;
			buildSettings = {
				ALWAYS_SEARCH_USER_PATHS = NO;
				ARCHS = "$(ARCHS_STANDARD_INCLUDING_64_BIT)";
				CLANG_CXX_LANGUAGE_STANDARD = "gnu++0x";
				CLANG_CXX_LIBRARY = "libc++";
				CLANG_ENABLE_MODULES = YES;
				CLANG_ENABLE_OBJC_ARC = YES;
				CLANG_WARN_BOOL_CONVERSION = YES;
				CLANG_WARN_CONSTANT_CONVERSION = YES;
				CLANG_WARN_DIRECT_OBJC_ISA_USAGE = YES_ERROR;
				CLANG_WARN_EMPTY_BODY = YES;
				CLANG_WARN_ENUM_CONVERSION = YES;
				CLANG_WARN_INT_CONVERSION = YES;
				CLANG_WARN_OBJC_ROOT_CLASS = YES_ERROR;
				CLANG_WARN__DUPLICATE_METHOD_MATCH = YES;
				"CODE_SIGN_IDENTITY[sdk=iphoneos*]" = "iPhone Developer";
				COPY_PHASE_STRIP = NO;
				GCC_C_LANGUAGE_STANDARD = gnu99;
				GCC_DYNAMIC_NO_PIC = NO;
				GCC_OPTIMIZATION_LEVEL = 0;
				GCC_PREPROCESSOR_DEFINITIONS = (
					"DEBUG=1",
					"$(inherited)",
				);
				GCC_SYMBOLS_PRIVATE_EXTERN = NO;
				GCC_WARN_64_TO_32_BIT_CONVERSION = YES;
				GCC_WARN_ABOUT_RETURN_TYPE = YES_ERROR;
				GCC_WARN_UNDECLARED_SELECTOR = YES;
				GCC_WARN_UNINITIALIZED_AUTOS = YES;
				GCC_WARN_UNUSED_FUNCTION = YES;
				GCC_WARN_UNUSED_VARIABLE = YES;
				IPHONEOS_DEPLOYMENT_TARGET = 7.0;
				ONLY_ACTIVE_ARCH = YES;
				SDKROOT = iphoneos;
			};
			name = Debug;
		};
		B9A6DBE8189DCCC700C6891D /* Release */ = {
			isa = XCBuildConfiguration;
			buildSettings = {
				ALWAYS_SEARCH_USER_PATHS = NO;
				ARCHS = "$(ARCHS_STANDARD_INCLUDING_64_BIT)";
				CLANG_CXX_LANGUAGE_STANDARD = "gnu++0x";
				CLANG_CXX_LIBRARY = "libc++";
				CLANG_ENABLE_MODULES = YES;
				CLANG_ENABLE_OBJC_ARC = YES;
				CLANG_WARN_BOOL_CONVERSION = YES;
				CLANG_WARN_CONSTANT_CONVERSION = YES;
				CLANG_WARN_DIRECT_OBJC_ISA_USAGE = YES_ERROR;
				CLANG_WARN_EMPTY_BODY = YES;
				CLANG_WARN_ENUM_CONVERSION = YES;
				CLANG_WARN_INT_CONVERSION = YES;
				CLANG_WARN_OBJC_ROOT_CLASS = YES_ERROR;
				CLANG_WARN__DUPLICATE_METHOD_MATCH = YES;
				"CODE_SIGN_IDENTITY[sdk=iphoneos*]" = "iPhone Developer";
				COPY_PHASE_STRIP = YES;
				ENABLE_NS_ASSERTIONS = NO;
				GCC_C_LANGUAGE_STANDARD = gnu99;
				GCC_WARN_64_TO_32_BIT_CONVERSION = YES;
				GCC_WARN_ABOUT_RETURN_TYPE = YES_ERROR;
				GCC_WARN_UNDECLARED_SELECTOR = YES;
				GCC_WARN_UNINITIALIZED_AUTOS = YES;
				GCC_WARN_UNUSED_FUNCTION = YES;
				GCC_WARN_UNUSED_VARIABLE = YES;
				IPHONEOS_DEPLOYMENT_TARGET = 7.0;
				SDKROOT = iphoneos;
				VALIDATE_PRODUCT = YES;
			};
			name = Release;
		};
		B9A6DBEA189DCCC700C6891D /* Debug */ = {
			isa = XCBuildConfiguration;
			buildSettings = {
				ASSETCATALOG_COMPILER_APPICON_NAME = AppIcon;
				ASSETCATALOG_COMPILER_LAUNCHIMAGE_NAME = LaunchImage;
				GCC_PRECOMPILE_PREFIX_HEADER = YES;
				GCC_PREFIX_HEADER = "IMP-NESTAR/IMP-NESTAR-Prefix.pch";
				INFOPLIST_FILE = "IMP-NESTAR/IMP-NESTAR-Info.plist";
				PRODUCT_NAME = "$(TARGET_NAME)";
				WRAPPER_EXTENSION = app;
			};
			name = Debug;
		};
		B9A6DBEB189DCCC700C6891D /* Release */ = {
			isa = XCBuildConfiguration;
			buildSettings = {
				ASSETCATALOG_COMPILER_APPICON_NAME = AppIcon;
				ASSETCATALOG_COMPILER_LAUNCHIMAGE_NAME = LaunchImage;
				GCC_PRECOMPILE_PREFIX_HEADER = YES;
				GCC_PREFIX_HEADER = "IMP-NESTAR/IMP-NESTAR-Prefix.pch";
				INFOPLIST_FILE = "IMP-NESTAR/IMP-NESTAR-Info.plist";
				PRODUCT_NAME = "$(TARGET_NAME)";
				WRAPPER_EXTENSION = app;
			};
			name = Release;
		};
		B9A6DBED189DCCC700C6891D /* Debug */ = {
			isa = XCBuildConfiguration;
			buildSettings = {
				ARCHS = "$(ARCHS_STANDARD_INCLUDING_64_BIT)";
				BUNDLE_LOADER = "$(BUILT_PRODUCTS_DIR)/IMP-NESTAR.app/IMP-NESTAR";
				FRAMEWORK_SEARCH_PATHS = (
					"$(SDKROOT)/Developer/Library/Frameworks",
					"$(inherited)",
					"$(DEVELOPER_FRAMEWORKS_DIR)",
				);
				GCC_PRECOMPILE_PREFIX_HEADER = YES;
				GCC_PREFIX_HEADER = "IMP-NESTAR/IMP-NESTAR-Prefix.pch";
				GCC_PREPROCESSOR_DEFINITIONS = (
					"DEBUG=1",
					"$(inherited)",
				);
				INFOPLIST_FILE = "IMP-NESTARTests/IMP-NESTARTests-Info.plist";
				PRODUCT_NAME = "$(TARGET_NAME)";
				TEST_HOST = "$(BUNDLE_LOADER)";
				WRAPPER_EXTENSION = xctest;
			};
			name = Debug;
		};
		B9A6DBEE189DCCC700C6891D /* Release */ = {
			isa = XCBuildConfiguration;
			buildSettings = {
				ARCHS = "$(ARCHS_STANDARD_INCLUDING_64_BIT)";
				BUNDLE_LOADER = "$(BUILT_PRODUCTS_DIR)/IMP-NESTAR.app/IMP-NESTAR";
				FRAMEWORK_SEARCH_PATHS = (
					"$(SDKROOT)/Developer/Library/Frameworks",
					"$(inherited)",
					"$(DEVELOPER_FRAMEWORKS_DIR)",
				);
				GCC_PRECOMPILE_PREFIX_HEADER = YES;
				GCC_PREFIX_HEADER = "IMP-NESTAR/IMP-NESTAR-Prefix.pch";
				INFOPLIST_FILE = "IMP-NESTARTests/IMP-NESTARTests-Info.plist";
				PRODUCT_NAME = "$(TARGET_NAME)";
				TEST_HOST = "$(BUNDLE_LOADER)";
				WRAPPER_EXTENSION = xctest;
			};
			name = Release;
		};
/* End XCBuildConfiguration section */

/* Begin XCConfigurationList section */
		B9A6DBAF189DCCC600C6891D /* Build configuration list for PBXProject "IMP-NESTAR" */ = {
			isa = XCConfigurationList;
			buildConfigurations = (
				B9A6DBE7189DCCC700C6891D /* Debug */,
				B9A6DBE8189DCCC700C6891D /* Release */,
			);
			defaultConfigurationIsVisible = 0;
			defaultConfigurationName = Release;
		};
		B9A6DBE9189DCCC700C6891D /* Build configuration list for PBXNativeTarget "IMP-NESTAR" */ = {
			isa = XCConfigurationList;
			buildConfigurations = (
				B9A6DBEA189DCCC700C6891D /* Debug */,
				B9A6DBEB189DCCC700C6891D /* Release */,
			);
			defaultConfigurationIsVisible = 0;
		};
		B9A6DBEC189DCCC700C6891D /* Build configuration list for PBXNativeTarget "IMP-NESTARTests" */ = {
			isa = XCConfigurationList;
			buildConfigurations = (
				B9A6DBED189DCCC700C6891D /* Debug */,
				B9A6DBEE189DCCC700C6891D /* Release */,
			);
			defaultConfigurationIsVisible = 0;
		};
/* End XCConfigurationList section */
	};
	rootObject = B9A6DBAC189DCCC600C6891D /* Project object */;
}
